// !$*UTF8*$!
{
	archiveVersion = 1;
	classes = {
	};
	objectVersion = 46;
	objects = {

/* Begin PBXBuildFile section */
		553CDA4E1E8B2D2C00F5EC55 /* AppDelegate.swift in Sources */ = {isa = PBXBuildFile; fileRef = 553CDA4D1E8B2D2C00F5EC55 /* AppDelegate.swift */; };
		553CDA531E8B2D2C00F5EC55 /* Main.storyboard in Resources */ = {isa = PBXBuildFile; fileRef = 553CDA511E8B2D2C00F5EC55 /* Main.storyboard */; };
		553CDA551E8B2D2C00F5EC55 /* Assets.xcassets in Resources */ = {isa = PBXBuildFile; fileRef = 553CDA541E8B2D2C00F5EC55 /* Assets.xcassets */; };
		553CDA581E8B2D2C00F5EC55 /* LaunchScreen.storyboard in Resources */ = {isa = PBXBuildFile; fileRef = 553CDA561E8B2D2C00F5EC55 /* LaunchScreen.storyboard */; };
		553CDA621E8B2E9F00F5EC55 /* CloudKit.framework in Frameworks */ = {isa = PBXBuildFile; fileRef = 553CDA611E8B2E9F00F5EC55 /* CloudKit.framework */; };
		553CDA641E8B2ED300F5EC55 /* HomeViewController.swift in Sources */ = {isa = PBXBuildFile; fileRef = 553CDA631E8B2ED300F5EC55 /* HomeViewController.swift */; };
		553CDA671E8B2F2B00F5EC55 /* CloudKit.swift in Sources */ = {isa = PBXBuildFile; fileRef = 553CDA661E8B2F2B00F5EC55 /* CloudKit.swift */; };
		553CDA6C1E8C511900F5EC55 /* Post.swift in Sources */ = {isa = PBXBuildFile; fileRef = 553CDA6B1E8C511900F5EC55 /* Post.swift */; };
		553CDA6E1E8C517500F5EC55 /* UIExtensions.swift in Sources */ = {isa = PBXBuildFile; fileRef = 553CDA6D1E8C517500F5EC55 /* UIExtensions.swift */; };
/* End PBXBuildFile section */

/* Begin PBXFileReference section */
		553CDA4A1E8B2D2C00F5EC55 /* CKInstagramClone.app */ = {isa = PBXFileReference; explicitFileType = wrapper.application; includeInIndex = 0; path = CKInstagramClone.app; sourceTree = BUILT_PRODUCTS_DIR; };
		553CDA4D1E8B2D2C00F5EC55 /* AppDelegate.swift */ = {isa = PBXFileReference; lastKnownFileType = sourcecode.swift; path = AppDelegate.swift; sourceTree = "<group>"; };
		553CDA521E8B2D2C00F5EC55 /* Base */ = {isa = PBXFileReference; lastKnownFileType = file.storyboard; name = Base; path = Base.lproj/Main.storyboard; sourceTree = "<group>"; };
		553CDA541E8B2D2C00F5EC55 /* Assets.xcassets */ = {isa = PBXFileReference; lastKnownFileType = folder.assetcatalog; path = Assets.xcassets; sourceTree = "<group>"; };
		553CDA571E8B2D2C00F5EC55 /* Base */ = {isa = PBXFileReference; lastKnownFileType = file.storyboard; name = Base; path = Base.lproj/LaunchScreen.storyboard; sourceTree = "<group>"; };
		553CDA591E8B2D2C00F5EC55 /* Info.plist */ = {isa = PBXFileReference; lastKnownFileType = text.plist.xml; path = Info.plist; sourceTree = "<group>"; };
		553CDA5F1E8B2E9A00F5EC55 /* CKInstagramClone.entitlements */ = {isa = PBXFileReference; lastKnownFileType = text.plist.entitlements; path = CKInstagramClone.entitlements; sourceTree = "<group>"; };
		553CDA611E8B2E9F00F5EC55 /* CloudKit.framework */ = {isa = PBXFileReference; lastKnownFileType = wrapper.framework; name = CloudKit.framework; path = System/Library/Frameworks/CloudKit.framework; sourceTree = SDKROOT; };
		553CDA631E8B2ED300F5EC55 /* HomeViewController.swift */ = {isa = PBXFileReference; fileEncoding = 4; lastKnownFileType = sourcecode.swift; path = HomeViewController.swift; sourceTree = "<group>"; };
		553CDA661E8B2F2B00F5EC55 /* CloudKit.swift */ = {isa = PBXFileReference; fileEncoding = 4; lastKnownFileType = sourcecode.swift; path = CloudKit.swift; sourceTree = "<group>"; };
		553CDA6B1E8C511900F5EC55 /* Post.swift */ = {isa = PBXFileReference; fileEncoding = 4; lastKnownFileType = sourcecode.swift; path = Post.swift; sourceTree = "<group>"; };
		553CDA6D1E8C517500F5EC55 /* UIExtensions.swift */ = {isa = PBXFileReference; fileEncoding = 4; lastKnownFileType = sourcecode.swift; path = UIExtensions.swift; sourceTree = "<group>"; };
/* End PBXFileReference section */

/* Begin PBXFrameworksBuildPhase section */
		553CDA471E8B2D2C00F5EC55 /* Frameworks */ = {
			isa = PBXFrameworksBuildPhase;
			buildActionMask = 2147483647;
			files = (
				553CDA621E8B2E9F00F5EC55 /* CloudKit.framework in Frameworks */,
			);
			runOnlyForDeploymentPostprocessing = 0;
		};
/* End PBXFrameworksBuildPhase section */

/* Begin PBXGroup section */
		553CDA411E8B2D2C00F5EC55 = {
			isa = PBXGroup;
			children = (
				553CDA4C1E8B2D2C00F5EC55 /* CKInstagramClone */,
				553CDA6A1E8B2F4300F5EC55 /* Supporting */,
				553CDA4B1E8B2D2C00F5EC55 /* Products */,
				553CDA601E8B2E9F00F5EC55 /* Frameworks */,
			);
			sourceTree = "<group>";
		};
		553CDA4B1E8B2D2C00F5EC55 /* Products */ = {
			isa = PBXGroup;
			children = (
				553CDA4A1E8B2D2C00F5EC55 /* CKInstagramClone.app */,
			);
			name = Products;
			sourceTree = "<group>";
		};
		553CDA4C1E8B2D2C00F5EC55 /* CKInstagramClone */ = {
			isa = PBXGroup;
			children = (
				553CDA681E8B2F3000F5EC55 /* Model */,
				553CDA651E8B2EE700F5EC55 /* Controller */,
				553CDA691E8B2F3A00F5EC55 /* View */,
			);
			path = CKInstagramClone;
			sourceTree = "<group>";
		};
		553CDA601E8B2E9F00F5EC55 /* Frameworks */ = {
			isa = PBXGroup;
			children = (
				553CDA611E8B2E9F00F5EC55 /* CloudKit.framework */,
			);
			name = Frameworks;
			sourceTree = "<group>";
		};
		553CDA651E8B2EE700F5EC55 /* Controller */ = {
			isa = PBXGroup;
			children = (
				553CDA631E8B2ED300F5EC55 /* HomeViewController.swift */,
			);
			name = Controller;
			sourceTree = "<group>";
		};
		553CDA681E8B2F3000F5EC55 /* Model */ = {
			isa = PBXGroup;
			children = (
				553CDA6B1E8C511900F5EC55 /* Post.swift */,
				553CDA661E8B2F2B00F5EC55 /* CloudKit.swift */,
			);
			name = Model;
			sourceTree = "<group>";
		};
		553CDA691E8B2F3A00F5EC55 /* View */ = {
			isa = PBXGroup;
			children = (
				553CDA511E8B2D2C00F5EC55 /* Main.storyboard */,
				553CDA561E8B2D2C00F5EC55 /* LaunchScreen.storyboard */,
			);
			name = View;
			sourceTree = "<group>";
		};
		553CDA6A1E8B2F4300F5EC55 /* Supporting */ = {
			isa = PBXGroup;
			children = (
				553CDA6D1E8C517500F5EC55 /* UIExtensions.swift */,
				553CDA5F1E8B2E9A00F5EC55 /* CKInstagramClone.entitlements */,
				553CDA4D1E8B2D2C00F5EC55 /* AppDelegate.swift */,
				553CDA541E8B2D2C00F5EC55 /* Assets.xcassets */,
				553CDA591E8B2D2C00F5EC55 /* Info.plist */,
			);
			name = Supporting;
			path = CKInstagramClone;
			sourceTree = "<group>";
		};
/* End PBXGroup section */

/* Begin PBXNativeTarget section */
		553CDA491E8B2D2C00F5EC55 /* CKInstagramClone */ = {
			isa = PBXNativeTarget;
			buildConfigurationList = 553CDA5C1E8B2D2C00F5EC55 /* Build configuration list for PBXNativeTarget "CKInstagramClone" */;
			buildPhases = (
				553CDA461E8B2D2C00F5EC55 /* Sources */,
				553CDA471E8B2D2C00F5EC55 /* Frameworks */,
				553CDA481E8B2D2C00F5EC55 /* Resources */,
			);
			buildRules = (
			);
			dependencies = (
			);
			name = CKInstagramClone;
			productName = CKInstagramClone;
			productReference = 553CDA4A1E8B2D2C00F5EC55 /* CKInstagramClone.app */;
			productType = "com.apple.product-type.application";
		};
/* End PBXNativeTarget section */

/* Begin PBXProject section */
		553CDA421E8B2D2C00F5EC55 /* Project object */ = {
			isa = PBXProject;
			attributes = {
				LastSwiftUpdateCheck = 0830;
				LastUpgradeCheck = 0830;
				ORGANIZATIONNAME = "Erica Winberry";
				TargetAttributes = {
					553CDA491E8B2D2C00F5EC55 = {
						CreatedOnToolsVersion = 8.3;
						DevelopmentTeam = 4YFWUVNT8L;
						ProvisioningStyle = Automatic;
						SystemCapabilities = {
							com.apple.Push = {
								enabled = 1;
							};
							com.apple.iCloud = {
								enabled = 1;
							};
						};
					};
				};
			};
			buildConfigurationList = 553CDA451E8B2D2C00F5EC55 /* Build configuration list for PBXProject "CKInstagramClone" */;
			compatibilityVersion = "Xcode 3.2";
			developmentRegion = English;
			hasScannedForEncodings = 0;
			knownRegions = (
				en,
				Base,
			);
			mainGroup = 553CDA411E8B2D2C00F5EC55;
			productRefGroup = 553CDA4B1E8B2D2C00F5EC55 /* Products */;
			projectDirPath = "";
			projectRoot = "";
			targets = (
				553CDA491E8B2D2C00F5EC55 /* CKInstagramClone */,
			);
		};
/* End PBXProject section */

/* Begin PBXResourcesBuildPhase section */
		553CDA481E8B2D2C00F5EC55 /* Resources */ = {
			isa = PBXResourcesBuildPhase;
			buildActionMask = 2147483647;
			files = (
				553CDA581E8B2D2C00F5EC55 /* LaunchScreen.storyboard in Resources */,
				553CDA551E8B2D2C00F5EC55 /* Assets.xcassets in Resources */,
				553CDA531E8B2D2C00F5EC55 /* Main.storyboard in Resources */,
			);
			runOnlyForDeploymentPostprocessing = 0;
		};
/* End PBXResourcesBuildPhase section */

/* Begin PBXSourcesBuildPhase section */
		553CDA461E8B2D2C00F5EC55 /* Sources */ = {
			isa = PBXSourcesBuildPhase;
			buildActionMask = 2147483647;
			files = (
				553CDA4E1E8B2D2C00F5EC55 /* AppDelegate.swift in Sources */,
				553CDA671E8B2F2B00F5EC55 /* CloudKit.swift in Sources */,
				553CDA641E8B2ED300F5EC55 /* HomeViewController.swift in Sources */,
				553CDA6E1E8C517500F5EC55 /* UIExtensions.swift in Sources */,
				553CDA6C1E8C511900F5EC55 /* Post.swift in Sources */,
			);
			runOnlyForDeploymentPostprocessing = 0;
		};
/* End PBXSourcesBuildPhase section */

/* Begin PBXVariantGroup section */
		553CDA511E8B2D2C00F5EC55 /* Main.storyboard */ = {
			isa = PBXVariantGroup;
			children = (
				553CDA521E8B2D2C00F5EC55 /* Base */,
			);
			name = Main.storyboard;
			sourceTree = "<group>";
		};
		553CDA561E8B2D2C00F5EC55 /* LaunchScreen.storyboard */ = {
			isa = PBXVariantGroup;
			children = (
				553CDA571E8B2D2C00F5EC55 /* Base */,
			);
			name = LaunchScreen.storyboard;
			sourceTree = "<group>";
		};
/* End PBXVariantGroup section */

/* Begin XCBuildConfiguration section */
		553CDA5A1E8B2D2C00F5EC55 /* Debug */ = {
			isa = XCBuildConfiguration;
			buildSettings = {
				ALWAYS_SEARCH_USER_PATHS = NO;
				CLANG_ANALYZER_NONNULL = YES;
				CLANG_ANALYZER_NUMBER_OBJECT_CONVERSION = YES_AGGRESSIVE;
				CLANG_CXX_LANGUAGE_STANDARD = "gnu++0x";
				CLANG_CXX_LIBRARY = "libc++";
				CLANG_ENABLE_MODULES = YES;
				CLANG_ENABLE_OBJC_ARC = YES;
				CLANG_WARN_BOOL_CONVERSION = YES;
				CLANG_WARN_CONSTANT_CONVERSION = YES;
				CLANG_WARN_DIRECT_OBJC_ISA_USAGE = YES_ERROR;
				CLANG_WARN_DOCUMENTATION_COMMENTS = YES;
				CLANG_WARN_EMPTY_BODY = YES;
				CLANG_WARN_ENUM_CONVERSION = YES;
				CLANG_WARN_INFINITE_RECURSION = YES;
				CLANG_WARN_INT_CONVERSION = YES;
				CLANG_WARN_OBJC_ROOT_CLASS = YES_ERROR;
				CLANG_WARN_SUSPICIOUS_MOVE = YES;
				CLANG_WARN_UNREACHABLE_CODE = YES;
				CLANG_WARN__DUPLICATE_METHOD_MATCH = YES;
				"CODE_SIGN_IDENTITY[sdk=iphoneos*]" = "iPhone Developer";
				COPY_PHASE_STRIP = NO;
				DEBUG_INFORMATION_FORMAT = dwarf;
				ENABLE_STRICT_OBJC_MSGSEND = YES;
				ENABLE_TESTABILITY = YES;
				GCC_C_LANGUAGE_STANDARD = gnu99;
				GCC_DYNAMIC_NO_PIC = NO;
				GCC_NO_COMMON_BLOCKS = YES;
				GCC_OPTIMIZATION_LEVEL = 0;
				GCC_PREPROCESSOR_DEFINITIONS = (
					"DEBUG=1",
					"$(inherited)",
				);
				GCC_WARN_64_TO_32_BIT_CONVERSION = YES;
				GCC_WARN_ABOUT_RETURN_TYPE = YES_ERROR;
				GCC_WARN_UNDECLARED_SELECTOR = YES;
				GCC_WARN_UNINITIALIZED_AUTOS = YES_AGGRESSIVE;
				GCC_WARN_UNUSED_FUNCTION = YES;
				GCC_WARN_UNUSED_VARIABLE = YES;
				IPHONEOS_DEPLOYMENT_TARGET = 10.3;
				MTL_ENABLE_DEBUG_INFO = YES;
				ONLY_ACTIVE_ARCH = YES;
				SDKROOT = iphoneos;
				SWIFT_ACTIVE_COMPILATION_CONDITIONS = DEBUG;
				SWIFT_OPTIMIZATION_LEVEL = "-Onone";
				TARGETED_DEVICE_FAMILY = "1,2";
			};
			name = Debug;
		};
		553CDA5B1E8B2D2C00F5EC55 /* Release */ = {
			isa = XCBuildConfiguration;
			buildSettings = {
				ALWAYS_SEARCH_USER_PATHS = NO;
				CLANG_ANALYZER_NONNULL = YES;
				CLANG_ANALYZER_NUMBER_OBJECT_CONVERSION = YES_AGGRESSIVE;
				CLANG_CXX_LANGUAGE_STANDARD = "gnu++0x";
				CLANG_CXX_LIBRARY = "libc++";
				CLANG_ENABLE_MODULES = YES;
				CLANG_ENABLE_OBJC_ARC = YES;
				CLANG_WARN_BOOL_CONVERSION = YES;
				CLANG_WARN_CONSTANT_CONVERSION = YES;
				CLANG_WARN_DIRECT_OBJC_ISA_USAGE = YES_ERROR;
				CLANG_WARN_DOCUMENTATION_COMMENTS = YES;
				CLANG_WARN_EMPTY_BODY = YES;
				CLANG_WARN_ENUM_CONVERSION = YES;
				CLANG_WARN_INFINITE_RECURSION = YES;
				CLANG_WARN_INT_CONVERSION = YES;
				CLANG_WARN_OBJC_ROOT_CLASS = YES_ERROR;
				CLANG_WARN_SUSPICIOUS_MOVE = YES;
				CLANG_WARN_UNREACHABLE_CODE = YES;
				CLANG_WARN__DUPLICATE_METHOD_MATCH = YES;
				"CODE_SIGN_IDENTITY[sdk=iphoneos*]" = "iPhone Developer";
				COPY_PHASE_STRIP = NO;
				DEBUG_INFORMATION_FORMAT = "dwarf-with-dsym";
				ENABLE_NS_ASSERTIONS = NO;
				ENABLE_STRICT_OBJC_MSGSEND = YES;
				GCC_C_LANGUAGE_STANDARD = gnu99;
				GCC_NO_COMMON_BLOCKS = YES;
				GCC_WARN_64_TO_32_BIT_CONVERSION = YES;
				GCC_WARN_ABOUT_RETURN_TYPE = YES_ERROR;
				GCC_WARN_UNDECLARED_SELECTOR = YES;
				GCC_WARN_UNINITIALIZED_AUTOS = YES_AGGRESSIVE;
				GCC_WARN_UNUSED_FUNCTION = YES;
				GCC_WARN_UNUSED_VARIABLE = YES;
				IPHONEOS_DEPLOYMENT_TARGET = 10.3;
				MTL_ENABLE_DEBUG_INFO = NO;
				SDKROOT = iphoneos;
				SWIFT_OPTIMIZATION_LEVEL = "-Owholemodule";
				TARGETED_DEVICE_FAMILY = "1,2";
				VALIDATE_PRODUCT = YES;
			};
			name = Release;
		};
		553CDA5D1E8B2D2C00F5EC55 /* Debug */ = {
			isa = XCBuildConfiguration;
			buildSettings = {
				ASSETCATALOG_COMPILER_APPICON_NAME = AppIcon;
				CODE_SIGN_ENTITLEMENTS = CKInstagramClone/CKInstagramClone.entitlements;
				DEVELOPMENT_TEAM = 4YFWUVNT8L;
				INFOPLIST_FILE = CKInstagramClone/Info.plist;
				LD_RUNPATH_SEARCH_PATHS = "$(inherited) @executable_path/Frameworks";
				PRODUCT_BUNDLE_IDENTIFIER = com.ericawinberry.CKInstagramClone;
				PRODUCT_NAME = "$(TARGET_NAME)";
				SWIFT_VERSION = 3.0;
			};
			name = Debug;
		};
		553CDA5E1E8B2D2C00F5EC55 /* Release */ = {
			isa = XCBuildConfiguration;
			buildSettings = {
				ASSETCATALOG_COMPILER_APPICON_NAME = AppIcon;
				CODE_SIGN_ENTITLEMENTS = CKInstagramClone/CKInstagramClone.entitlements;
				DEVELOPMENT_TEAM = 4YFWUVNT8L;
				INFOPLIST_FILE = CKInstagramClone/Info.plist;
				LD_RUNPATH_SEARCH_PATHS = "$(inherited) @executable_path/Frameworks";
				PRODUCT_BUNDLE_IDENTIFIER = com.ericawinberry.CKInstagramClone;
				PRODUCT_NAME = "$(TARGET_NAME)";
				SWIFT_VERSION = 3.0;
			};
			name = Release;
		};
/* End XCBuildConfiguration section */

/* Begin XCConfigurationList section */
		553CDA451E8B2D2C00F5EC55 /* Build configuration list for PBXProject "CKInstagramClone" */ = {
			isa = XCConfigurationList;
			buildConfigurations = (
				553CDA5A1E8B2D2C00F5EC55 /* Debug */,
				553CDA5B1E8B2D2C00F5EC55 /* Release */,
			);
			defaultConfigurationIsVisible = 0;
			defaultConfigurationName = Release;
		};
		553CDA5C1E8B2D2C00F5EC55 /* Build configuration list for PBXNativeTarget "CKInstagramClone" */ = {
			isa = XCConfigurationList;
			buildConfigurations = (
				553CDA5D1E8B2D2C00F5EC55 /* Debug */,
				553CDA5E1E8B2D2C00F5EC55 /* Release */,
			);
			defaultConfigurationIsVisible = 0;
			defaultConfigurationName = Release;
		};
/* End XCConfigurationList section */
	};
	rootObject = 553CDA421E8B2D2C00F5EC55 /* Project object */;
}
